
Microsoft Visual Studio Solution File, Format Version 12.00
# Visual Studio 14
VisualStudioVersion = 14.0.23107.0
MinimumVisualStudioVersion = 10.0.40219.1
Project("{FAE04EC0-301F-11D3-BF4B-00C04F79EFBC}") = "XmlRulesEngine", "XmlRulesEngine\XmlRulesEngine.csproj", "{DDAF3DD1-EB58-4801-8F71-EBC1E3907975}"
EndProject
Project("{2150E333-8FDC-42A3-9474-1A3956D46DE8}") = "SolutionItems", "SolutionItems", "{502F388B-8F7A-47CF-AC75-B6049FCB6CE1}"
	ProjectSection(SolutionItems) = preProject
		README.md = README.md
		VersionInfo.cs = VersionInfo.cs
	EndProjectSection
EndProject
Project("{FAE04EC0-301F-11D3-BF4B-00C04F79EFBC}") = "XmlRulesEngineUnitTests", "XmlRulesEngineUnitTests\XmlRulesEngineUnitTests.csproj", "{28693087-7E2C-4EE7-B1FC-F47CCD0FFC37}"
EndProject
Global
	GlobalSection(SolutionConfigurationPlatforms) = preSolution
		Debug|Any CPU = Debug|Any CPU
		Release|Any CPU = Release|Any CPU
	EndGlobalSection
	GlobalSection(ProjectConfigurationPlatforms) = postSolution
		{DDAF3DD1-EB58-4801-8F71-EBC1E3907975}.Debug|Any CPU.ActiveCfg = Debug|Any CPU
		{DDAF3DD1-EB58-4801-8F71-EBC1E3907975}.Debug|Any CPU.Build.0 = Debug|Any CPU
		{DDAF3DD1-EB58-4801-8F71-EBC1E3907975}.Release|Any CPU.ActiveCfg = Release|Any CPU
		{DDAF3DD1-EB58-4801-8F71-EBC1E3907975}.Release|Any CPU.Build.0 = Release|Any CPU
		{28693087-7E2C-4EE7-B1FC-F47CCD0FFC37}.Debug|Any CPU.ActiveCfg = Debug|Any CPU
		{28693087-7E2C-4EE7-B1FC-F47CCD0FFC37}.Debug|Any CPU.Build.0 = Debug|Any CPU
		{28693087-7E2C-4EE7-B1FC-F47CCD0FFC37}.Release|Any CPU.ActiveCfg = Release|Any CPU
		{28693087-7E2C-4EE7-B1FC-F47CCD0FFC37}.Release|Any CPU.Build.0 = Release|Any CPU
	EndGlobalSection
	GlobalSection(SolutionProperties) = preSolution
		HideSolutionNode = FALSE
	EndGlobalSection
EndGlobal
